// !$*UTF8*$!
{
	archiveVersion = 1;
	classes = {
	};
	objectVersion = 55;
	objects = {

/* Begin PBXBuildFile section */
		5AE6F2352B044463001C815F /* AppDelegate.swift in Sources */ = {isa = PBXBuildFile; fileRef = 5AE6F2342B044463001C815F /* AppDelegate.swift */; };
		5AE6F2372B044463001C815F /* SceneDelegate.swift in Sources */ = {isa = PBXBuildFile; fileRef = 5AE6F2362B044463001C815F /* SceneDelegate.swift */; };
		5AE6F23C2B044463001C815F /* Main.storyboard in Resources */ = {isa = PBXBuildFile; fileRef = 5AE6F23A2B044463001C815F /* Main.storyboard */; };
		5AE6F23E2B044467001C815F /* Assets.xcassets in Resources */ = {isa = PBXBuildFile; fileRef = 5AE6F23D2B044467001C815F /* Assets.xcassets */; };
		5AE6F2412B044467001C815F /* LaunchScreen.storyboard in Resources */ = {isa = PBXBuildFile; fileRef = 5AE6F23F2B044467001C815F /* LaunchScreen.storyboard */; };
		5AE6F2842B045925001C815F /* GoogleService-Info.plist in Resources */ = {isa = PBXBuildFile; fileRef = 5AE6F2832B045925001C815F /* GoogleService-Info.plist */; };
		5AE6F2872B045B55001C815F /* FirebaseAuth in Frameworks */ = {isa = PBXBuildFile; productRef = 5AE6F2862B045B55001C815F /* FirebaseAuth */; };
		5AE6F2892B045B55001C815F /* FirebaseFirestore in Frameworks */ = {isa = PBXBuildFile; productRef = 5AE6F2882B045B55001C815F /* FirebaseFirestore */; };
		5AE6F28B2B045B55001C815F /* FirebaseFirestoreSwift in Frameworks */ = {isa = PBXBuildFile; productRef = 5AE6F28A2B045B55001C815F /* FirebaseFirestoreSwift */; };
		5AE6F28D2B045B55001C815F /* FirebaseStorage in Frameworks */ = {isa = PBXBuildFile; productRef = 5AE6F28C2B045B55001C815F /* FirebaseStorage */; };
		5AE6F2AB2B04612C001C815F /* ViewController.swift in Sources */ = {isa = PBXBuildFile; fileRef = 5AE6F2AA2B04612B001C815F /* ViewController.swift */; };
		5AE6F2AD2B046172001C815F /* ContactsTableViewManager.swift in Sources */ = {isa = PBXBuildFile; fileRef = 5AE6F2AC2B046172001C815F /* ContactsTableViewManager.swift */; };
		5AE6F2B12B0461A7001C815F /* RightBarButtonManager.swift in Sources */ = {isa = PBXBuildFile; fileRef = 5AE6F2B02B0461A6001C815F /* RightBarButtonManager.swift */; };
		5AE6F2B72B0461BA001C815F /* MainScreenView.swift in Sources */ = {isa = PBXBuildFile; fileRef = 5AE6F2B62B0461BA001C815F /* MainScreenView.swift */; };
		5AE6F2C12B04620B001C815F /* RegisterFirebaseManager.swift in Sources */ = {isa = PBXBuildFile; fileRef = 5AE6F2BE2B04620B001C815F /* RegisterFirebaseManager.swift */; };
		5AE6F2C22B04620B001C815F /* RegisterViewController.swift in Sources */ = {isa = PBXBuildFile; fileRef = 5AE6F2BF2B04620B001C815F /* RegisterViewController.swift */; };
		5AE6F2C52B046212001C815F /* RegisterView.swift in Sources */ = {isa = PBXBuildFile; fileRef = 5AE6F2C42B046212001C815F /* RegisterView.swift */; };
		5AE6F2C82B04621B001C815F /* ProgressSpinnerViewController.swift in Sources */ = {isa = PBXBuildFile; fileRef = 5AE6F2C62B04621B001C815F /* ProgressSpinnerViewController.swift */; };
		5AE6F2C92B04621B001C815F /* ProgressSpinnerDelegate.swift in Sources */ = {isa = PBXBuildFile; fileRef = 5AE6F2C72B04621B001C815F /* ProgressSpinnerDelegate.swift */; };
		5AE6F2CB2B04625E001C815F /* Configs.swift in Sources */ = {isa = PBXBuildFile; fileRef = 5AE6F2CA2B04625E001C815F /* Configs.swift */; };
		5AE6F2D22B0AEC7D001C815F /* UserChat.swift in Sources */ = {isa = PBXBuildFile; fileRef = 5AE6F2D12B0AEC7D001C815F /* UserChat.swift */; };
		5AE6F2D42B0AF280001C815F /* ChatView.swift in Sources */ = {isa = PBXBuildFile; fileRef = 5AE6F2D32B0AF280001C815F /* ChatView.swift */; };
		5AE6F2D62B0AF293001C815F /* ChatViewController.swift in Sources */ = {isa = PBXBuildFile; fileRef = 5AE6F2D52B0AF293001C815F /* ChatViewController.swift */; };
		5AE6F2D92B0AF55D001C815F /* Messages.swift in Sources */ = {isa = PBXBuildFile; fileRef = 5AE6F2D82B0AF55D001C815F /* Messages.swift */; };
		5AE6F2DB2B0AF6C4001C815F /* ChatTableViewManager.swift in Sources */ = {isa = PBXBuildFile; fileRef = 5AE6F2DA2B0AF6C4001C815F /* ChatTableViewManager.swift */; };
		5AE6F3222B0BFB82001C815F /* ChatTableViewCell.swift in Sources */ = {isa = PBXBuildFile; fileRef = 5AE6F3212B0BFB81001C815F /* ChatTableViewCell.swift */; };
		DF4AFD542B08034000E51405 /* RegisterProgressIndicatorManager.swift in Sources */ = {isa = PBXBuildFile; fileRef = DF4AFD532B08034000E51405 /* RegisterProgressIndicatorManager.swift */; };
		DF4AFD562B0886C500E51405 /* AddChatViewController.swift in Sources */ = {isa = PBXBuildFile; fileRef = DF4AFD552B0886C500E51405 /* AddChatViewController.swift */; };
		DF4AFD592B0886E100E51405 /* AddChatView.swift in Sources */ = {isa = PBXBuildFile; fileRef = DF4AFD582B0886E100E51405 /* AddChatView.swift */; };
		DF4AFD5B2B08876C00E51405 /* UserTableViewCell.swift in Sources */ = {isa = PBXBuildFile; fileRef = DF4AFD5A2B08876C00E51405 /* UserTableViewCell.swift */; };
		DF4AFD5D2B0891DA00E51405 /* User.swift in Sources */ = {isa = PBXBuildFile; fileRef = DF4AFD5C2B0891DA00E51405 /* User.swift */; };
/* End PBXBuildFile section */

/* Begin PBXFileReference section */
		5AE6F2312B044463001C815F /* WA8_13.app */ = {isa = PBXFileReference; explicitFileType = wrapper.application; includeInIndex = 0; path = WA8_13.app; sourceTree = BUILT_PRODUCTS_DIR; };
		5AE6F2342B044463001C815F /* AppDelegate.swift */ = {isa = PBXFileReference; lastKnownFileType = sourcecode.swift; path = AppDelegate.swift; sourceTree = "<group>"; };
		5AE6F2362B044463001C815F /* SceneDelegate.swift */ = {isa = PBXFileReference; lastKnownFileType = sourcecode.swift; path = SceneDelegate.swift; sourceTree = "<group>"; };
		5AE6F23B2B044463001C815F /* Base */ = {isa = PBXFileReference; lastKnownFileType = file.storyboard; name = Base; path = Base.lproj/Main.storyboard; sourceTree = "<group>"; };
		5AE6F23D2B044467001C815F /* Assets.xcassets */ = {isa = PBXFileReference; lastKnownFileType = folder.assetcatalog; path = Assets.xcassets; sourceTree = "<group>"; };
		5AE6F2402B044467001C815F /* Base */ = {isa = PBXFileReference; lastKnownFileType = file.storyboard; name = Base; path = Base.lproj/LaunchScreen.storyboard; sourceTree = "<group>"; };
		5AE6F2422B044467001C815F /* Info.plist */ = {isa = PBXFileReference; lastKnownFileType = text.plist.xml; path = Info.plist; sourceTree = "<group>"; };
		5AE6F2832B045925001C815F /* GoogleService-Info.plist */ = {isa = PBXFileReference; fileEncoding = 4; lastKnownFileType = text.plist.xml; path = "GoogleService-Info.plist"; sourceTree = "<group>"; };
		5AE6F2AA2B04612B001C815F /* ViewController.swift */ = {isa = PBXFileReference; fileEncoding = 4; lastKnownFileType = sourcecode.swift; path = ViewController.swift; sourceTree = "<group>"; };
		5AE6F2AC2B046172001C815F /* ContactsTableViewManager.swift */ = {isa = PBXFileReference; fileEncoding = 4; lastKnownFileType = sourcecode.swift; path = ContactsTableViewManager.swift; sourceTree = "<group>"; };
		5AE6F2B02B0461A6001C815F /* RightBarButtonManager.swift */ = {isa = PBXFileReference; fileEncoding = 4; lastKnownFileType = sourcecode.swift; path = RightBarButtonManager.swift; sourceTree = "<group>"; };
		5AE6F2B62B0461BA001C815F /* MainScreenView.swift */ = {isa = PBXFileReference; fileEncoding = 4; lastKnownFileType = sourcecode.swift; path = MainScreenView.swift; sourceTree = "<group>"; };
		5AE6F2BE2B04620B001C815F /* RegisterFirebaseManager.swift */ = {isa = PBXFileReference; fileEncoding = 4; lastKnownFileType = sourcecode.swift; path = RegisterFirebaseManager.swift; sourceTree = "<group>"; };
		5AE6F2BF2B04620B001C815F /* RegisterViewController.swift */ = {isa = PBXFileReference; fileEncoding = 4; lastKnownFileType = sourcecode.swift; path = RegisterViewController.swift; sourceTree = "<group>"; };
		5AE6F2C42B046212001C815F /* RegisterView.swift */ = {isa = PBXFileReference; fileEncoding = 4; lastKnownFileType = sourcecode.swift; path = RegisterView.swift; sourceTree = "<group>"; };
		5AE6F2C62B04621B001C815F /* ProgressSpinnerViewController.swift */ = {isa = PBXFileReference; fileEncoding = 4; lastKnownFileType = sourcecode.swift; path = ProgressSpinnerViewController.swift; sourceTree = "<group>"; };
		5AE6F2C72B04621B001C815F /* ProgressSpinnerDelegate.swift */ = {isa = PBXFileReference; fileEncoding = 4; lastKnownFileType = sourcecode.swift; path = ProgressSpinnerDelegate.swift; sourceTree = "<group>"; };
		5AE6F2CA2B04625E001C815F /* Configs.swift */ = {isa = PBXFileReference; fileEncoding = 4; lastKnownFileType = sourcecode.swift; path = Configs.swift; sourceTree = "<group>"; };
		5AE6F2D12B0AEC7D001C815F /* UserChat.swift */ = {isa = PBXFileReference; lastKnownFileType = sourcecode.swift; path = UserChat.swift; sourceTree = "<group>"; };
		5AE6F2D32B0AF280001C815F /* ChatView.swift */ = {isa = PBXFileReference; lastKnownFileType = sourcecode.swift; path = ChatView.swift; sourceTree = "<group>"; };
		5AE6F2D52B0AF293001C815F /* ChatViewController.swift */ = {isa = PBXFileReference; lastKnownFileType = sourcecode.swift; path = ChatViewController.swift; sourceTree = "<group>"; };
		5AE6F2D82B0AF55D001C815F /* Messages.swift */ = {isa = PBXFileReference; lastKnownFileType = sourcecode.swift; path = Messages.swift; sourceTree = "<group>"; };
		5AE6F2DA2B0AF6C4001C815F /* ChatTableViewManager.swift */ = {isa = PBXFileReference; lastKnownFileType = sourcecode.swift; path = ChatTableViewManager.swift; sourceTree = "<group>"; };
		5AE6F3212B0BFB81001C815F /* ChatTableViewCell.swift */ = {isa = PBXFileReference; lastKnownFileType = sourcecode.swift; path = ChatTableViewCell.swift; sourceTree = "<group>"; };
		DF4AFD532B08034000E51405 /* RegisterProgressIndicatorManager.swift */ = {isa = PBXFileReference; fileEncoding = 4; lastKnownFileType = sourcecode.swift; path = RegisterProgressIndicatorManager.swift; sourceTree = "<group>"; };
		DF4AFD552B0886C500E51405 /* AddChatViewController.swift */ = {isa = PBXFileReference; lastKnownFileType = sourcecode.swift; path = AddChatViewController.swift; sourceTree = "<group>"; };
		DF4AFD582B0886E100E51405 /* AddChatView.swift */ = {isa = PBXFileReference; lastKnownFileType = sourcecode.swift; path = AddChatView.swift; sourceTree = "<group>"; };
		DF4AFD5A2B08876C00E51405 /* UserTableViewCell.swift */ = {isa = PBXFileReference; lastKnownFileType = sourcecode.swift; path = UserTableViewCell.swift; sourceTree = "<group>"; };
		DF4AFD5C2B0891DA00E51405 /* User.swift */ = {isa = PBXFileReference; lastKnownFileType = sourcecode.swift; path = User.swift; sourceTree = "<group>"; };
/* End PBXFileReference section */

/* Begin PBXFrameworksBuildPhase section */
		5AE6F22E2B044463001C815F /* Frameworks */ = {
			isa = PBXFrameworksBuildPhase;
			buildActionMask = 2147483647;
			files = (
				5AE6F2872B045B55001C815F /* FirebaseAuth in Frameworks */,
				5AE6F2892B045B55001C815F /* FirebaseFirestore in Frameworks */,
				5AE6F28D2B045B55001C815F /* FirebaseStorage in Frameworks */,
				5AE6F28B2B045B55001C815F /* FirebaseFirestoreSwift in Frameworks */,
			);
			runOnlyForDeploymentPostprocessing = 0;
		};
/* End PBXFrameworksBuildPhase section */

/* Begin PBXGroup section */
		5AE6F2282B044463001C815F = {
			isa = PBXGroup;
			children = (
				5AE6F2332B044463001C815F /* WA8_13 */,
				5AE6F2322B044463001C815F /* Products */,
			);
			sourceTree = "<group>";
		};
		5AE6F2322B044463001C815F /* Products */ = {
			isa = PBXGroup;
			children = (
				5AE6F2312B044463001C815F /* WA8_13.app */,
			);
			name = Products;
			sourceTree = "<group>";
		};
		5AE6F2332B044463001C815F /* WA8_13 */ = {
			isa = PBXGroup;
			children = (
				5AE6F2342B044463001C815F /* AppDelegate.swift */,
				5AE6F2362B044463001C815F /* SceneDelegate.swift */,
				5AE6F23A2B044463001C815F /* Main.storyboard */,
				5AE6F2D72B0AF29A001C815F /* Chat Screen */,
				5AE6F2CC2B04650A001C815F /* Main Screen */,
				5AE6F2CE2B046549001C815F /* Register Screen */,
				DF4AFD572B0886CB00E51405 /* Add Chat */,
				DF4AFD5E2B0891DE00E51405 /* Data Models */,
				5AE6F2CD2B046539001C815F /* Progress Spinner */,
				5AE6F2CA2B04625E001C815F /* Configs.swift */,
				5AE6F23D2B044467001C815F /* Assets.xcassets */,
				5AE6F23F2B044467001C815F /* LaunchScreen.storyboard */,
				5AE6F2422B044467001C815F /* Info.plist */,
				5AE6F2832B045925001C815F /* GoogleService-Info.plist */,
			);
			path = WA8_13;
			sourceTree = "<group>";
		};
		5AE6F2CC2B04650A001C815F /* Main Screen */ = {
			isa = PBXGroup;
			children = (
				5AE6F2AA2B04612B001C815F /* ViewController.swift */,
				5AE6F2AC2B046172001C815F /* ContactsTableViewManager.swift */,
				5AE6F2B02B0461A6001C815F /* RightBarButtonManager.swift */,
				5AE6F2B62B0461BA001C815F /* MainScreenView.swift */,
			);
			path = "Main Screen";
			sourceTree = "<group>";
		};
		5AE6F2CD2B046539001C815F /* Progress Spinner */ = {
			isa = PBXGroup;
			children = (
				5AE6F2C72B04621B001C815F /* ProgressSpinnerDelegate.swift */,
				5AE6F2C62B04621B001C815F /* ProgressSpinnerViewController.swift */,
			);
			path = "Progress Spinner";
			sourceTree = "<group>";
		};
		5AE6F2CE2B046549001C815F /* Register Screen */ = {
			isa = PBXGroup;
			children = (
				DF4AFD532B08034000E51405 /* RegisterProgressIndicatorManager.swift */,
				5AE6F2BE2B04620B001C815F /* RegisterFirebaseManager.swift */,
				5AE6F2BF2B04620B001C815F /* RegisterViewController.swift */,
				5AE6F2C42B046212001C815F /* RegisterView.swift */,
			);
			path = "Register Screen";
			sourceTree = "<group>";
		};
		5AE6F2D72B0AF29A001C815F /* Chat Screen */ = {
			isa = PBXGroup;
			children = (
				5AE6F2D32B0AF280001C815F /* ChatView.swift */,
				5AE6F2D52B0AF293001C815F /* ChatViewController.swift */,
				5AE6F2DA2B0AF6C4001C815F /* ChatTableViewManager.swift */,
				5AE6F3212B0BFB81001C815F /* ChatTableViewCell.swift */,
			);
			path = "Chat Screen";
			sourceTree = "<group>";
		};
		DF4AFD572B0886CB00E51405 /* Add Chat */ = {
			isa = PBXGroup;
			children = (
				DF4AFD552B0886C500E51405 /* AddChatViewController.swift */,
				DF4AFD582B0886E100E51405 /* AddChatView.swift */,
				DF4AFD5A2B08876C00E51405 /* UserTableViewCell.swift */,
			);
			path = "Add Chat";
			sourceTree = "<group>";
		};
		DF4AFD5E2B0891DE00E51405 /* Data Models */ = {
			isa = PBXGroup;
			children = (
				DF4AFD5C2B0891DA00E51405 /* User.swift */,
				5AE6F2D12B0AEC7D001C815F /* UserChat.swift */,
				5AE6F2D82B0AF55D001C815F /* Messages.swift */,
			);
			path = "Data Models";
			sourceTree = "<group>";
		};
/* End PBXGroup section */

/* Begin PBXNativeTarget section */
		5AE6F2302B044463001C815F /* WA8_13 */ = {
			isa = PBXNativeTarget;
			buildConfigurationList = 5AE6F25B2B044467001C815F /* Build configuration list for PBXNativeTarget "WA8_13" */;
			buildPhases = (
				5AE6F22D2B044463001C815F /* Sources */,
				5AE6F22E2B044463001C815F /* Frameworks */,
				5AE6F22F2B044463001C815F /* Resources */,
			);
			buildRules = (
			);
			dependencies = (
			);
			name = WA8_13;
			packageProductDependencies = (
				5AE6F2862B045B55001C815F /* FirebaseAuth */,
				5AE6F2882B045B55001C815F /* FirebaseFirestore */,
				5AE6F28A2B045B55001C815F /* FirebaseFirestoreSwift */,
				5AE6F28C2B045B55001C815F /* FirebaseStorage */,
			);
			productName = WA8_13;
			productReference = 5AE6F2312B044463001C815F /* WA8_13.app */;
			productType = "com.apple.product-type.application";
		};
/* End PBXNativeTarget section */

/* Begin PBXProject section */
		5AE6F2292B044463001C815F /* Project object */ = {
			isa = PBXProject;
			attributes = {
				BuildIndependentTargetsInParallel = 1;
				LastSwiftUpdateCheck = 1340;
				LastUpgradeCheck = 1340;
				TargetAttributes = {
					5AE6F2302B044463001C815F = {
						CreatedOnToolsVersion = 13.4.1;
					};
				};
			};
			buildConfigurationList = 5AE6F22C2B044463001C815F /* Build configuration list for PBXProject "WA8_13" */;
			compatibilityVersion = "Xcode 13.0";
			developmentRegion = en;
			hasScannedForEncodings = 0;
			knownRegions = (
				en,
				Base,
			);
			mainGroup = 5AE6F2282B044463001C815F;
			packageReferences = (
				5AE6F2852B045B55001C815F /* XCRemoteSwiftPackageReference "firebase-ios-sdk" */,
			);
			productRefGroup = 5AE6F2322B044463001C815F /* Products */;
			projectDirPath = "";
			projectRoot = "";
			targets = (
				5AE6F2302B044463001C815F /* WA8_13 */,
			);
		};
/* End PBXProject section */

/* Begin PBXResourcesBuildPhase section */
		5AE6F22F2B044463001C815F /* Resources */ = {
			isa = PBXResourcesBuildPhase;
			buildActionMask = 2147483647;
			files = (
				5AE6F2412B044467001C815F /* LaunchScreen.storyboard in Resources */,
				5AE6F2842B045925001C815F /* GoogleService-Info.plist in Resources */,
				5AE6F23E2B044467001C815F /* Assets.xcassets in Resources */,
				5AE6F23C2B044463001C815F /* Main.storyboard in Resources */,
			);
			runOnlyForDeploymentPostprocessing = 0;
		};
/* End PBXResourcesBuildPhase section */

/* Begin PBXSourcesBuildPhase section */
		5AE6F22D2B044463001C815F /* Sources */ = {
			isa = PBXSourcesBuildPhase;
			buildActionMask = 2147483647;
			files = (
				5AE6F2D92B0AF55D001C815F /* Messages.swift in Sources */,
				5AE6F2D62B0AF293001C815F /* ChatViewController.swift in Sources */,
				5AE6F2C52B046212001C815F /* RegisterView.swift in Sources */,
				5AE6F2C22B04620B001C815F /* RegisterViewController.swift in Sources */,
				5AE6F2D42B0AF280001C815F /* ChatView.swift in Sources */,
				5AE6F3222B0BFB82001C815F /* ChatTableViewCell.swift in Sources */,
				5AE6F2D22B0AEC7D001C815F /* UserChat.swift in Sources */,
				5AE6F2C12B04620B001C815F /* RegisterFirebaseManager.swift in Sources */,
				5AE6F2C92B04621B001C815F /* ProgressSpinnerDelegate.swift in Sources */,
				5AE6F2AB2B04612C001C815F /* ViewController.swift in Sources */,
				5AE6F2C82B04621B001C815F /* ProgressSpinnerViewController.swift in Sources */,
				5AE6F2B12B0461A7001C815F /* RightBarButtonManager.swift in Sources */,
				5AE6F2CB2B04625E001C815F /* Configs.swift in Sources */,
				DF4AFD5B2B08876C00E51405 /* UserTableViewCell.swift in Sources */,
				DF4AFD592B0886E100E51405 /* AddChatView.swift in Sources */,
				DF4AFD542B08034000E51405 /* RegisterProgressIndicatorManager.swift in Sources */,
				5AE6F2352B044463001C815F /* AppDelegate.swift in Sources */,
				5AE6F2AD2B046172001C815F /* ContactsTableViewManager.swift in Sources */,
				5AE6F2DB2B0AF6C4001C815F /* ChatTableViewManager.swift in Sources */,
				5AE6F2372B044463001C815F /* SceneDelegate.swift in Sources */,
				DF4AFD562B0886C500E51405 /* AddChatViewController.swift in Sources */,
				5AE6F2B72B0461BA001C815F /* MainScreenView.swift in Sources */,
				DF4AFD5D2B0891DA00E51405 /* User.swift in Sources */,
			);
			runOnlyForDeploymentPostprocessing = 0;
		};
/* End PBXSourcesBuildPhase section */

/* Begin PBXVariantGroup section */
		5AE6F23A2B044463001C815F /* Main.storyboard */ = {
			isa = PBXVariantGroup;
			children = (
				5AE6F23B2B044463001C815F /* Base */,
			);
			name = Main.storyboard;
			sourceTree = "<group>";
		};
		5AE6F23F2B044467001C815F /* LaunchScreen.storyboard */ = {
			isa = PBXVariantGroup;
			children = (
				5AE6F2402B044467001C815F /* Base */,
			);
			name = LaunchScreen.storyboard;
			sourceTree = "<group>";
		};
/* End PBXVariantGroup section */

/* Begin XCBuildConfiguration section */
		5AE6F2592B044467001C815F /* Debug */ = {
			isa = XCBuildConfiguration;
			buildSettings = {
				ALWAYS_SEARCH_USER_PATHS = NO;
				CLANG_ANALYZER_NONNULL = YES;
				CLANG_ANALYZER_NUMBER_OBJECT_CONVERSION = YES_AGGRESSIVE;
				CLANG_CXX_LANGUAGE_STANDARD = "gnu++17";
				CLANG_ENABLE_MODULES = YES;
				CLANG_ENABLE_OBJC_ARC = YES;
				CLANG_ENABLE_OBJC_WEAK = YES;
				CLANG_WARN_BLOCK_CAPTURE_AUTORELEASING = YES;
				CLANG_WARN_BOOL_CONVERSION = YES;
				CLANG_WARN_COMMA = YES;
				CLANG_WARN_CONSTANT_CONVERSION = YES;
				CLANG_WARN_DEPRECATED_OBJC_IMPLEMENTATIONS = YES;
				CLANG_WARN_DIRECT_OBJC_ISA_USAGE = YES_ERROR;
				CLANG_WARN_DOCUMENTATION_COMMENTS = YES;
				CLANG_WARN_EMPTY_BODY = YES;
				CLANG_WARN_ENUM_CONVERSION = YES;
				CLANG_WARN_INFINITE_RECURSION = YES;
				CLANG_WARN_INT_CONVERSION = YES;
				CLANG_WARN_NON_LITERAL_NULL_CONVERSION = YES;
				CLANG_WARN_OBJC_IMPLICIT_RETAIN_SELF = YES;
				CLANG_WARN_OBJC_LITERAL_CONVERSION = YES;
				CLANG_WARN_OBJC_ROOT_CLASS = YES_ERROR;
				CLANG_WARN_QUOTED_INCLUDE_IN_FRAMEWORK_HEADER = YES;
				CLANG_WARN_RANGE_LOOP_ANALYSIS = YES;
				CLANG_WARN_STRICT_PROTOTYPES = YES;
				CLANG_WARN_SUSPICIOUS_MOVE = YES;
				CLANG_WARN_UNGUARDED_AVAILABILITY = YES_AGGRESSIVE;
				CLANG_WARN_UNREACHABLE_CODE = YES;
				CLANG_WARN__DUPLICATE_METHOD_MATCH = YES;
				COPY_PHASE_STRIP = NO;
				DEBUG_INFORMATION_FORMAT = dwarf;
				ENABLE_STRICT_OBJC_MSGSEND = YES;
				ENABLE_TESTABILITY = YES;
				GCC_C_LANGUAGE_STANDARD = gnu11;
				GCC_DYNAMIC_NO_PIC = NO;
				GCC_NO_COMMON_BLOCKS = YES;
				GCC_OPTIMIZATION_LEVEL = 0;
				GCC_PREPROCESSOR_DEFINITIONS = (
					"DEBUG=1",
					"$(inherited)",
				);
				GCC_WARN_64_TO_32_BIT_CONVERSION = YES;
				GCC_WARN_ABOUT_RETURN_TYPE = YES_ERROR;
				GCC_WARN_UNDECLARED_SELECTOR = YES;
				GCC_WARN_UNINITIALIZED_AUTOS = YES_AGGRESSIVE;
				GCC_WARN_UNUSED_FUNCTION = YES;
				GCC_WARN_UNUSED_VARIABLE = YES;
				IPHONEOS_DEPLOYMENT_TARGET = 15.5;
				MTL_ENABLE_DEBUG_INFO = INCLUDE_SOURCE;
				MTL_FAST_MATH = YES;
				ONLY_ACTIVE_ARCH = YES;
				SDKROOT = iphoneos;
				SWIFT_ACTIVE_COMPILATION_CONDITIONS = DEBUG;
				SWIFT_OPTIMIZATION_LEVEL = "-Onone";
			};
			name = Debug;
		};
		5AE6F25A2B044467001C815F /* Release */ = {
			isa = XCBuildConfiguration;
			buildSettings = {
				ALWAYS_SEARCH_USER_PATHS = NO;
				CLANG_ANALYZER_NONNULL = YES;
				CLANG_ANALYZER_NUMBER_OBJECT_CONVERSION = YES_AGGRESSIVE;
				CLANG_CXX_LANGUAGE_STANDARD = "gnu++17";
				CLANG_ENABLE_MODULES = YES;
				CLANG_ENABLE_OBJC_ARC = YES;
				CLANG_ENABLE_OBJC_WEAK = YES;
				CLANG_WARN_BLOCK_CAPTURE_AUTORELEASING = YES;
				CLANG_WARN_BOOL_CONVERSION = YES;
				CLANG_WARN_COMMA = YES;
				CLANG_WARN_CONSTANT_CONVERSION = YES;
				CLANG_WARN_DEPRECATED_OBJC_IMPLEMENTATIONS = YES;
				CLANG_WARN_DIRECT_OBJC_ISA_USAGE = YES_ERROR;
				CLANG_WARN_DOCUMENTATION_COMMENTS = YES;
				CLANG_WARN_EMPTY_BODY = YES;
				CLANG_WARN_ENUM_CONVERSION = YES;
				CLANG_WARN_INFINITE_RECURSION = YES;
				CLANG_WARN_INT_CONVERSION = YES;
				CLANG_WARN_NON_LITERAL_NULL_CONVERSION = YES;
				CLANG_WARN_OBJC_IMPLICIT_RETAIN_SELF = YES;
				CLANG_WARN_OBJC_LITERAL_CONVERSION = YES;
				CLANG_WARN_OBJC_ROOT_CLASS = YES_ERROR;
				CLANG_WARN_QUOTED_INCLUDE_IN_FRAMEWORK_HEADER = YES;
				CLANG_WARN_RANGE_LOOP_ANALYSIS = YES;
				CLANG_WARN_STRICT_PROTOTYPES = YES;
				CLANG_WARN_SUSPICIOUS_MOVE = YES;
				CLANG_WARN_UNGUARDED_AVAILABILITY = YES_AGGRESSIVE;
				CLANG_WARN_UNREACHABLE_CODE = YES;
				CLANG_WARN__DUPLICATE_METHOD_MATCH = YES;
				COPY_PHASE_STRIP = NO;
				DEBUG_INFORMATION_FORMAT = "dwarf-with-dsym";
				ENABLE_NS_ASSERTIONS = NO;
				ENABLE_STRICT_OBJC_MSGSEND = YES;
				GCC_C_LANGUAGE_STANDARD = gnu11;
				GCC_NO_COMMON_BLOCKS = YES;
				GCC_WARN_64_TO_32_BIT_CONVERSION = YES;
				GCC_WARN_ABOUT_RETURN_TYPE = YES_ERROR;
				GCC_WARN_UNDECLARED_SELECTOR = YES;
				GCC_WARN_UNINITIALIZED_AUTOS = YES_AGGRESSIVE;
				GCC_WARN_UNUSED_FUNCTION = YES;
				GCC_WARN_UNUSED_VARIABLE = YES;
				IPHONEOS_DEPLOYMENT_TARGET = 15.5;
				MTL_ENABLE_DEBUG_INFO = NO;
				MTL_FAST_MATH = YES;
				SDKROOT = iphoneos;
				SWIFT_COMPILATION_MODE = wholemodule;
				SWIFT_OPTIMIZATION_LEVEL = "-O";
				VALIDATE_PRODUCT = YES;
			};
			name = Release;
		};
		5AE6F25C2B044467001C815F /* Debug */ = {
			isa = XCBuildConfiguration;
			buildSettings = {
				ASSETCATALOG_COMPILER_APPICON_NAME = AppIcon;
				ASSETCATALOG_COMPILER_GLOBAL_ACCENT_COLOR_NAME = AccentColor;
				CODE_SIGN_STYLE = Automatic;
				CURRENT_PROJECT_VERSION = 1;
				DEVELOPMENT_TEAM = QJRK3DJBSH;
				GENERATE_INFOPLIST_FILE = YES;
				INFOPLIST_FILE = WA8_13/Info.plist;
				INFOPLIST_KEY_UIApplicationSupportsIndirectInputEvents = YES;
				INFOPLIST_KEY_UILaunchStoryboardName = LaunchScreen;
				INFOPLIST_KEY_UIMainStoryboardFile = Main;
				INFOPLIST_KEY_UISupportedInterfaceOrientations_iPad = "UIInterfaceOrientationPortrait UIInterfaceOrientationPortraitUpsideDown UIInterfaceOrientationLandscapeLeft UIInterfaceOrientationLandscapeRight";
				INFOPLIST_KEY_UISupportedInterfaceOrientations_iPhone = "UIInterfaceOrientationPortrait UIInterfaceOrientationLandscapeLeft UIInterfaceOrientationLandscapeRight";
				LD_RUNPATH_SEARCH_PATHS = (
					"$(inherited)",
					"@executable_path/Frameworks",
				);
				MARKETING_VERSION = 1.0;
				PRODUCT_BUNDLE_IDENTIFIER = "com.nuios.WA8-13";
				PRODUCT_NAME = "$(TARGET_NAME)";
				SWIFT_EMIT_LOC_STRINGS = YES;
				SWIFT_VERSION = 5.0;
				TARGETED_DEVICE_FAMILY = "1,2";
			};
			name = Debug;
		};
		5AE6F25D2B044467001C815F /* Release */ = {
			isa = XCBuildConfiguration;
			buildSettings = {
				ASSETCATALOG_COMPILER_APPICON_NAME = AppIcon;
				ASSETCATALOG_COMPILER_GLOBAL_ACCENT_COLOR_NAME = AccentColor;
				CODE_SIGN_STYLE = Automatic;
				CURRENT_PROJECT_VERSION = 1;
				DEVELOPMENT_TEAM = QJRK3DJBSH;
				GENERATE_INFOPLIST_FILE = YES;
				INFOPLIST_FILE = WA8_13/Info.plist;
				INFOPLIST_KEY_UIApplicationSupportsIndirectInputEvents = YES;
				INFOPLIST_KEY_UILaunchStoryboardName = LaunchScreen;
				INFOPLIST_KEY_UIMainStoryboardFile = Main;
				INFOPLIST_KEY_UISupportedInterfaceOrientations_iPad = "UIInterfaceOrientationPortrait UIInterfaceOrientationPortraitUpsideDown UIInterfaceOrientationLandscapeLeft UIInterfaceOrientationLandscapeRight";
				INFOPLIST_KEY_UISupportedInterfaceOrientations_iPhone = "UIInterfaceOrientationPortrait UIInterfaceOrientationLandscapeLeft UIInterfaceOrientationLandscapeRight";
				LD_RUNPATH_SEARCH_PATHS = (
					"$(inherited)",
					"@executable_path/Frameworks",
				);
				MARKETING_VERSION = 1.0;
				PRODUCT_BUNDLE_IDENTIFIER = "com.nuios.WA8-13";
				PRODUCT_NAME = "$(TARGET_NAME)";
				SWIFT_EMIT_LOC_STRINGS = YES;
				SWIFT_VERSION = 5.0;
				TARGETED_DEVICE_FAMILY = "1,2";
			};
			name = Release;
		};
/* End XCBuildConfiguration section */

/* Begin XCConfigurationList section */
		5AE6F22C2B044463001C815F /* Build configuration list for PBXProject "WA8_13" */ = {
			isa = XCConfigurationList;
			buildConfigurations = (
				5AE6F2592B044467001C815F /* Debug */,
				5AE6F25A2B044467001C815F /* Release */,
			);
			defaultConfigurationIsVisible = 0;
			defaultConfigurationName = Release;
		};
		5AE6F25B2B044467001C815F /* Build configuration list for PBXNativeTarget "WA8_13" */ = {
			isa = XCConfigurationList;
			buildConfigurations = (
				5AE6F25C2B044467001C815F /* Debug */,
				5AE6F25D2B044467001C815F /* Release */,
			);
			defaultConfigurationIsVisible = 0;
			defaultConfigurationName = Release;
		};
/* End XCConfigurationList section */

/* Begin XCRemoteSwiftPackageReference section */
		5AE6F2852B045B55001C815F /* XCRemoteSwiftPackageReference "firebase-ios-sdk" */ = {
			isa = XCRemoteSwiftPackageReference;
			repositoryURL = "https://github.com/firebase/firebase-ios-sdk";
			requirement = {
				kind = upToNextMajorVersion;
				minimumVersion = 9.0.0;
			};
		};
/* End XCRemoteSwiftPackageReference section */

/* Begin XCSwiftPackageProductDependency section */
		5AE6F2862B045B55001C815F /* FirebaseAuth */ = {
			isa = XCSwiftPackageProductDependency;
			package = 5AE6F2852B045B55001C815F /* XCRemoteSwiftPackageReference "firebase-ios-sdk" */;
			productName = FirebaseAuth;
		};
		5AE6F2882B045B55001C815F /* FirebaseFirestore */ = {
			isa = XCSwiftPackageProductDependency;
			package = 5AE6F2852B045B55001C815F /* XCRemoteSwiftPackageReference "firebase-ios-sdk" */;
			productName = FirebaseFirestore;
		};
		5AE6F28A2B045B55001C815F /* FirebaseFirestoreSwift */ = {
			isa = XCSwiftPackageProductDependency;
			package = 5AE6F2852B045B55001C815F /* XCRemoteSwiftPackageReference "firebase-ios-sdk" */;
			productName = FirebaseFirestoreSwift;
		};
		5AE6F28C2B045B55001C815F /* FirebaseStorage */ = {
			isa = XCSwiftPackageProductDependency;
			package = 5AE6F2852B045B55001C815F /* XCRemoteSwiftPackageReference "firebase-ios-sdk" */;
			productName = FirebaseStorage;
		};
/* End XCSwiftPackageProductDependency section */
	};
	rootObject = 5AE6F2292B044463001C815F /* Project object */;
}
