// !$*UTF8*$!
{
	archiveVersion = 1;
	classes = {
	};
	objectVersion = 55;
	objects = {

/* Begin PBXBuildFile section */
		5AE6F2352B044463001C815F /* AppDelegate.swift in Sources */ = {isa = PBXBuildFile; fileRef = 5AE6F2342B044463001C815F /* AppDelegate.swift */; };
		5AE6F2372B044463001C815F /* SceneDelegate.swift in Sources */ = {isa = PBXBuildFile; fileRef = 5AE6F2362B044463001C815F /* SceneDelegate.swift */; };
		5AE6F2392B044463001C815F /* ViewController.swift in Sources */ = {isa = PBXBuildFile; fileRef = 5AE6F2382B044463001C815F /* ViewController.swift */; };
		5AE6F23C2B044463001C815F /* Main.storyboard in Resources */ = {isa = PBXBuildFile; fileRef = 5AE6F23A2B044463001C815F /* Main.storyboard */; };
		5AE6F23E2B044467001C815F /* Assets.xcassets in Resources */ = {isa = PBXBuildFile; fileRef = 5AE6F23D2B044467001C815F /* Assets.xcassets */; };
		5AE6F2412B044467001C815F /* LaunchScreen.storyboard in Resources */ = {isa = PBXBuildFile; fileRef = 5AE6F23F2B044467001C815F /* LaunchScreen.storyboard */; };
		5AE6F24C2B044467001C815F /* WA8_13Tests.swift in Sources */ = {isa = PBXBuildFile; fileRef = 5AE6F24B2B044467001C815F /* WA8_13Tests.swift */; };
		5AE6F2562B044467001C815F /* WA8_13UITests.swift in Sources */ = {isa = PBXBuildFile; fileRef = 5AE6F2552B044467001C815F /* WA8_13UITests.swift */; };
		5AE6F2582B044467001C815F /* WA8_13UITestsLaunchTests.swift in Sources */ = {isa = PBXBuildFile; fileRef = 5AE6F2572B044467001C815F /* WA8_13UITestsLaunchTests.swift */; };
/* End PBXBuildFile section */

/* Begin PBXContainerItemProxy section */
		5AE6F2482B044467001C815F /* PBXContainerItemProxy */ = {
			isa = PBXContainerItemProxy;
			containerPortal = 5AE6F2292B044463001C815F /* Project object */;
			proxyType = 1;
			remoteGlobalIDString = 5AE6F2302B044463001C815F;
			remoteInfo = WA8_13;
		};
		5AE6F2522B044467001C815F /* PBXContainerItemProxy */ = {
			isa = PBXContainerItemProxy;
			containerPortal = 5AE6F2292B044463001C815F /* Project object */;
			proxyType = 1;
			remoteGlobalIDString = 5AE6F2302B044463001C815F;
			remoteInfo = WA8_13;
		};
/* End PBXContainerItemProxy section */

/* Begin PBXFileReference section */
		5AE6F2312B044463001C815F /* WA8_13.app */ = {isa = PBXFileReference; explicitFileType = wrapper.application; includeInIndex = 0; path = WA8_13.app; sourceTree = BUILT_PRODUCTS_DIR; };
		5AE6F2342B044463001C815F /* AppDelegate.swift */ = {isa = PBXFileReference; lastKnownFileType = sourcecode.swift; path = AppDelegate.swift; sourceTree = "<group>"; };
		5AE6F2362B044463001C815F /* SceneDelegate.swift */ = {isa = PBXFileReference; lastKnownFileType = sourcecode.swift; path = SceneDelegate.swift; sourceTree = "<group>"; };
		5AE6F2382B044463001C815F /* ViewController.swift */ = {isa = PBXFileReference; lastKnownFileType = sourcecode.swift; path = ViewController.swift; sourceTree = "<group>"; };
		5AE6F23B2B044463001C815F /* Base */ = {isa = PBXFileReference; lastKnownFileType = file.storyboard; name = Base; path = Base.lproj/Main.storyboard; sourceTree = "<group>"; };
		5AE6F23D2B044467001C815F /* Assets.xcassets */ = {isa = PBXFileReference; lastKnownFileType = folder.assetcatalog; path = Assets.xcassets; sourceTree = "<group>"; };
		5AE6F2402B044467001C815F /* Base */ = {isa = PBXFileReference; lastKnownFileType = file.storyboard; name = Base; path = Base.lproj/LaunchScreen.storyboard; sourceTree = "<group>"; };
		5AE6F2422B044467001C815F /* Info.plist */ = {isa = PBXFileReference; lastKnownFileType = text.plist.xml; path = Info.plist; sourceTree = "<group>"; };
		5AE6F2472B044467001C815F /* WA8_13Tests.xctest */ = {isa = PBXFileReference; explicitFileType = wrapper.cfbundle; includeInIndex = 0; path = WA8_13Tests.xctest; sourceTree = BUILT_PRODUCTS_DIR; };
		5AE6F24B2B044467001C815F /* WA8_13Tests.swift */ = {isa = PBXFileReference; lastKnownFileType = sourcecode.swift; path = WA8_13Tests.swift; sourceTree = "<group>"; };
		5AE6F2512B044467001C815F /* WA8_13UITests.xctest */ = {isa = PBXFileReference; explicitFileType = wrapper.cfbundle; includeInIndex = 0; path = WA8_13UITests.xctest; sourceTree = BUILT_PRODUCTS_DIR; };
		5AE6F2552B044467001C815F /* WA8_13UITests.swift */ = {isa = PBXFileReference; lastKnownFileType = sourcecode.swift; path = WA8_13UITests.swift; sourceTree = "<group>"; };
		5AE6F2572B044467001C815F /* WA8_13UITestsLaunchTests.swift */ = {isa = PBXFileReference; lastKnownFileType = sourcecode.swift; path = WA8_13UITestsLaunchTests.swift; sourceTree = "<group>"; };
/* End PBXFileReference section */

/* Begin PBXFrameworksBuildPhase section */
		5AE6F22E2B044463001C815F /* Frameworks */ = {
			isa = PBXFrameworksBuildPhase;
			buildActionMask = 2147483647;
			files = (
			);
			runOnlyForDeploymentPostprocessing = 0;
		};
		5AE6F2442B044467001C815F /* Frameworks */ = {
			isa = PBXFrameworksBuildPhase;
			buildActionMask = 2147483647;
			files = (
			);
			runOnlyForDeploymentPostprocessing = 0;
		};
		5AE6F24E2B044467001C815F /* Frameworks */ = {
			isa = PBXFrameworksBuildPhase;
			buildActionMask = 2147483647;
			files = (
			);
			runOnlyForDeploymentPostprocessing = 0;
		};
/* End PBXFrameworksBuildPhase section */

/* Begin PBXGroup section */
		5AE6F2282B044463001C815F = {
			isa = PBXGroup;
			children = (
				5AE6F2332B044463001C815F /* WA8_13 */,
				5AE6F24A2B044467001C815F /* WA8_13Tests */,
				5AE6F2542B044467001C815F /* WA8_13UITests */,
				5AE6F2322B044463001C815F /* Products */,
			);
			sourceTree = "<group>";
		};
		5AE6F2322B044463001C815F /* Products */ = {
			isa = PBXGroup;
			children = (
				5AE6F2312B044463001C815F /* WA8_13.app */,
				5AE6F2472B044467001C815F /* WA8_13Tests.xctest */,
				5AE6F2512B044467001C815F /* WA8_13UITests.xctest */,
			);
			name = Products;
			sourceTree = "<group>";
		};
		5AE6F2332B044463001C815F /* WA8_13 */ = {
			isa = PBXGroup;
			children = (
				5AE6F2342B044463001C815F /* AppDelegate.swift */,
				5AE6F2362B044463001C815F /* SceneDelegate.swift */,
				5AE6F2382B044463001C815F /* ViewController.swift */,
				5AE6F23A2B044463001C815F /* Main.storyboard */,
				5AE6F23D2B044467001C815F /* Assets.xcassets */,
				5AE6F23F2B044467001C815F /* LaunchScreen.storyboard */,
				5AE6F2422B044467001C815F /* Info.plist */,
			);
			path = WA8_13;
			sourceTree = "<group>";
		};
		5AE6F24A2B044467001C815F /* WA8_13Tests */ = {
			isa = PBXGroup;
			children = (
				5AE6F24B2B044467001C815F /* WA8_13Tests.swift */,
			);
			path = WA8_13Tests;
			sourceTree = "<group>";
		};
		5AE6F2542B044467001C815F /* WA8_13UITests */ = {
			isa = PBXGroup;
			children = (
				5AE6F2552B044467001C815F /* WA8_13UITests.swift */,
				5AE6F2572B044467001C815F /* WA8_13UITestsLaunchTests.swift */,
			);
			path = WA8_13UITests;
			sourceTree = "<group>";
		};
/* End PBXGroup section */

/* Begin PBXNativeTarget section */
		5AE6F2302B044463001C815F /* WA8_13 */ = {
			isa = PBXNativeTarget;
			buildConfigurationList = 5AE6F25B2B044467001C815F /* Build configuration list for PBXNativeTarget "WA8_13" */;
			buildPhases = (
				5AE6F22D2B044463001C815F /* Sources */,
				5AE6F22E2B044463001C815F /* Frameworks */,
				5AE6F22F2B044463001C815F /* Resources */,
			);
			buildRules = (
			);
			dependencies = (
			);
			name = WA8_13;
			productName = WA8_13;
			productReference = 5AE6F2312B044463001C815F /* WA8_13.app */;
			productType = "com.apple.product-type.application";
		};
		5AE6F2462B044467001C815F /* WA8_13Tests */ = {
			isa = PBXNativeTarget;
			buildConfigurationList = 5AE6F25E2B044467001C815F /* Build configuration list for PBXNativeTarget "WA8_13Tests" */;
			buildPhases = (
				5AE6F2432B044467001C815F /* Sources */,
				5AE6F2442B044467001C815F /* Frameworks */,
				5AE6F2452B044467001C815F /* Resources */,
			);
			buildRules = (
			);
			dependencies = (
				5AE6F2492B044467001C815F /* PBXTargetDependency */,
			);
			name = WA8_13Tests;
			productName = WA8_13Tests;
			productReference = 5AE6F2472B044467001C815F /* WA8_13Tests.xctest */;
			productType = "com.apple.product-type.bundle.unit-test";
		};
		5AE6F2502B044467001C815F /* WA8_13UITests */ = {
			isa = PBXNativeTarget;
			buildConfigurationList = 5AE6F2612B044467001C815F /* Build configuration list for PBXNativeTarget "WA8_13UITests" */;
			buildPhases = (
				5AE6F24D2B044467001C815F /* Sources */,
				5AE6F24E2B044467001C815F /* Frameworks */,
				5AE6F24F2B044467001C815F /* Resources */,
			);
			buildRules = (
			);
			dependencies = (
				5AE6F2532B044467001C815F /* PBXTargetDependency */,
			);
			name = WA8_13UITests;
			productName = WA8_13UITests;
			productReference = 5AE6F2512B044467001C815F /* WA8_13UITests.xctest */;
			productType = "com.apple.product-type.bundle.ui-testing";
		};
/* End PBXNativeTarget section */

/* Begin PBXProject section */
		5AE6F2292B044463001C815F /* Project object */ = {
			isa = PBXProject;
			attributes = {
				BuildIndependentTargetsInParallel = 1;
				LastSwiftUpdateCheck = 1340;
				LastUpgradeCheck = 1340;
				TargetAttributes = {
					5AE6F2302B044463001C815F = {
						CreatedOnToolsVersion = 13.4.1;
					};
					5AE6F2462B044467001C815F = {
						CreatedOnToolsVersion = 13.4.1;
						TestTargetID = 5AE6F2302B044463001C815F;
					};
					5AE6F2502B044467001C815F = {
						CreatedOnToolsVersion = 13.4.1;
						TestTargetID = 5AE6F2302B044463001C815F;
					};
				};
			};
			buildConfigurationList = 5AE6F22C2B044463001C815F /* Build configuration list for PBXProject "WA8_13" */;
			compatibilityVersion = "Xcode 13.0";
			developmentRegion = en;
			hasScannedForEncodings = 0;
			knownRegions = (
				en,
				Base,
			);
			mainGroup = 5AE6F2282B044463001C815F;
			productRefGroup = 5AE6F2322B044463001C815F /* Products */;
			projectDirPath = "";
			projectRoot = "";
			targets = (
				5AE6F2302B044463001C815F /* WA8_13 */,
				5AE6F2462B044467001C815F /* WA8_13Tests */,
				5AE6F2502B044467001C815F /* WA8_13UITests */,
			);
		};
/* End PBXProject section */

/* Begin PBXResourcesBuildPhase section */
		5AE6F22F2B044463001C815F /* Resources */ = {
			isa = PBXResourcesBuildPhase;
			buildActionMask = 2147483647;
			files = (
				5AE6F2412B044467001C815F /* LaunchScreen.storyboard in Resources */,
				5AE6F23E2B044467001C815F /* Assets.xcassets in Resources */,
				5AE6F23C2B044463001C815F /* Main.storyboard in Resources */,
			);
			runOnlyForDeploymentPostprocessing = 0;
		};
		5AE6F2452B044467001C815F /* Resources */ = {
			isa = PBXResourcesBuildPhase;
			buildActionMask = 2147483647;
			files = (
			);
			runOnlyForDeploymentPostprocessing = 0;
		};
		5AE6F24F2B044467001C815F /* Resources */ = {
			isa = PBXResourcesBuildPhase;
			buildActionMask = 2147483647;
			files = (
			);
			runOnlyForDeploymentPostprocessing = 0;
		};
/* End PBXResourcesBuildPhase section */

/* Begin PBXSourcesBuildPhase section */
		5AE6F22D2B044463001C815F /* Sources */ = {
			isa = PBXSourcesBuildPhase;
			buildActionMask = 2147483647;
			files = (
				5AE6F2392B044463001C815F /* ViewController.swift in Sources */,
				5AE6F2352B044463001C815F /* AppDelegate.swift in Sources */,
				5AE6F2372B044463001C815F /* SceneDelegate.swift in Sources */,
			);
			runOnlyForDeploymentPostprocessing = 0;
		};
		5AE6F2432B044467001C815F /* Sources */ = {
			isa = PBXSourcesBuildPhase;
			buildActionMask = 2147483647;
			files = (
				5AE6F24C2B044467001C815F /* WA8_13Tests.swift in Sources */,
			);
			runOnlyForDeploymentPostprocessing = 0;
		};
		5AE6F24D2B044467001C815F /* Sources */ = {
			isa = PBXSourcesBuildPhase;
			buildActionMask = 2147483647;
			files = (
				5AE6F2562B044467001C815F /* WA8_13UITests.swift in Sources */,
				5AE6F2582B044467001C815F /* WA8_13UITestsLaunchTests.swift in Sources */,
			);
			runOnlyForDeploymentPostprocessing = 0;
		};
/* End PBXSourcesBuildPhase section */

/* Begin PBXTargetDependency section */
		5AE6F2492B044467001C815F /* PBXTargetDependency */ = {
			isa = PBXTargetDependency;
			target = 5AE6F2302B044463001C815F /* WA8_13 */;
			targetProxy = 5AE6F2482B044467001C815F /* PBXContainerItemProxy */;
		};
		5AE6F2532B044467001C815F /* PBXTargetDependency */ = {
			isa = PBXTargetDependency;
			target = 5AE6F2302B044463001C815F /* WA8_13 */;
			targetProxy = 5AE6F2522B044467001C815F /* PBXContainerItemProxy */;
		};
/* End PBXTargetDependency section */

/* Begin PBXVariantGroup section */
		5AE6F23A2B044463001C815F /* Main.storyboard */ = {
			isa = PBXVariantGroup;
			children = (
				5AE6F23B2B044463001C815F /* Base */,
			);
			name = Main.storyboard;
			sourceTree = "<group>";
		};
		5AE6F23F2B044467001C815F /* LaunchScreen.storyboard */ = {
			isa = PBXVariantGroup;
			children = (
				5AE6F2402B044467001C815F /* Base */,
			);
			name = LaunchScreen.storyboard;
			sourceTree = "<group>";
		};
/* End PBXVariantGroup section */

/* Begin XCBuildConfiguration section */
		5AE6F2592B044467001C815F /* Debug */ = {
			isa = XCBuildConfiguration;
			buildSettings = {
				ALWAYS_SEARCH_USER_PATHS = NO;
				CLANG_ANALYZER_NONNULL = YES;
				CLANG_ANALYZER_NUMBER_OBJECT_CONVERSION = YES_AGGRESSIVE;
				CLANG_CXX_LANGUAGE_STANDARD = "gnu++17";
				CLANG_ENABLE_MODULES = YES;
				CLANG_ENABLE_OBJC_ARC = YES;
				CLANG_ENABLE_OBJC_WEAK = YES;
				CLANG_WARN_BLOCK_CAPTURE_AUTORELEASING = YES;
				CLANG_WARN_BOOL_CONVERSION = YES;
				CLANG_WARN_COMMA = YES;
				CLANG_WARN_CONSTANT_CONVERSION = YES;
				CLANG_WARN_DEPRECATED_OBJC_IMPLEMENTATIONS = YES;
				CLANG_WARN_DIRECT_OBJC_ISA_USAGE = YES_ERROR;
				CLANG_WARN_DOCUMENTATION_COMMENTS = YES;
				CLANG_WARN_EMPTY_BODY = YES;
				CLANG_WARN_ENUM_CONVERSION = YES;
				CLANG_WARN_INFINITE_RECURSION = YES;
				CLANG_WARN_INT_CONVERSION = YES;
				CLANG_WARN_NON_LITERAL_NULL_CONVERSION = YES;
				CLANG_WARN_OBJC_IMPLICIT_RETAIN_SELF = YES;
				CLANG_WARN_OBJC_LITERAL_CONVERSION = YES;
				CLANG_WARN_OBJC_ROOT_CLASS = YES_ERROR;
				CLANG_WARN_QUOTED_INCLUDE_IN_FRAMEWORK_HEADER = YES;
				CLANG_WARN_RANGE_LOOP_ANALYSIS = YES;
				CLANG_WARN_STRICT_PROTOTYPES = YES;
				CLANG_WARN_SUSPICIOUS_MOVE = YES;
				CLANG_WARN_UNGUARDED_AVAILABILITY = YES_AGGRESSIVE;
				CLANG_WARN_UNREACHABLE_CODE = YES;
				CLANG_WARN__DUPLICATE_METHOD_MATCH = YES;
				COPY_PHASE_STRIP = NO;
				DEBUG_INFORMATION_FORMAT = dwarf;
				ENABLE_STRICT_OBJC_MSGSEND = YES;
				ENABLE_TESTABILITY = YES;
				GCC_C_LANGUAGE_STANDARD = gnu11;
				GCC_DYNAMIC_NO_PIC = NO;
				GCC_NO_COMMON_BLOCKS = YES;
				GCC_OPTIMIZATION_LEVEL = 0;
				GCC_PREPROCESSOR_DEFINITIONS = (
					"DEBUG=1",
					"$(inherited)",
				);
				GCC_WARN_64_TO_32_BIT_CONVERSION = YES;
				GCC_WARN_ABOUT_RETURN_TYPE = YES_ERROR;
				GCC_WARN_UNDECLARED_SELECTOR = YES;
				GCC_WARN_UNINITIALIZED_AUTOS = YES_AGGRESSIVE;
				GCC_WARN_UNUSED_FUNCTION = YES;
				GCC_WARN_UNUSED_VARIABLE = YES;
				IPHONEOS_DEPLOYMENT_TARGET = 15.5;
				MTL_ENABLE_DEBUG_INFO = INCLUDE_SOURCE;
				MTL_FAST_MATH = YES;
				ONLY_ACTIVE_ARCH = YES;
				SDKROOT = iphoneos;
				SWIFT_ACTIVE_COMPILATION_CONDITIONS = DEBUG;
				SWIFT_OPTIMIZATION_LEVEL = "-Onone";
			};
			name = Debug;
		};
		5AE6F25A2B044467001C815F /* Release */ = {
			isa = XCBuildConfiguration;
			buildSettings = {
				ALWAYS_SEARCH_USER_PATHS = NO;
				CLANG_ANALYZER_NONNULL = YES;
				CLANG_ANALYZER_NUMBER_OBJECT_CONVERSION = YES_AGGRESSIVE;
				CLANG_CXX_LANGUAGE_STANDARD = "gnu++17";
				CLANG_ENABLE_MODULES = YES;
				CLANG_ENABLE_OBJC_ARC = YES;
				CLANG_ENABLE_OBJC_WEAK = YES;
				CLANG_WARN_BLOCK_CAPTURE_AUTORELEASING = YES;
				CLANG_WARN_BOOL_CONVERSION = YES;
				CLANG_WARN_COMMA = YES;
				CLANG_WARN_CONSTANT_CONVERSION = YES;
				CLANG_WARN_DEPRECATED_OBJC_IMPLEMENTATIONS = YES;
				CLANG_WARN_DIRECT_OBJC_ISA_USAGE = YES_ERROR;
				CLANG_WARN_DOCUMENTATION_COMMENTS = YES;
				CLANG_WARN_EMPTY_BODY = YES;
				CLANG_WARN_ENUM_CONVERSION = YES;
				CLANG_WARN_INFINITE_RECURSION = YES;
				CLANG_WARN_INT_CONVERSION = YES;
				CLANG_WARN_NON_LITERAL_NULL_CONVERSION = YES;
				CLANG_WARN_OBJC_IMPLICIT_RETAIN_SELF = YES;
				CLANG_WARN_OBJC_LITERAL_CONVERSION = YES;
				CLANG_WARN_OBJC_ROOT_CLASS = YES_ERROR;
				CLANG_WARN_QUOTED_INCLUDE_IN_FRAMEWORK_HEADER = YES;
				CLANG_WARN_RANGE_LOOP_ANALYSIS = YES;
				CLANG_WARN_STRICT_PROTOTYPES = YES;
				CLANG_WARN_SUSPICIOUS_MOVE = YES;
				CLANG_WARN_UNGUARDED_AVAILABILITY = YES_AGGRESSIVE;
				CLANG_WARN_UNREACHABLE_CODE = YES;
				CLANG_WARN__DUPLICATE_METHOD_MATCH = YES;
				COPY_PHASE_STRIP = NO;
				DEBUG_INFORMATION_FORMAT = "dwarf-with-dsym";
				ENABLE_NS_ASSERTIONS = NO;
				ENABLE_STRICT_OBJC_MSGSEND = YES;
				GCC_C_LANGUAGE_STANDARD = gnu11;
				GCC_NO_COMMON_BLOCKS = YES;
				GCC_WARN_64_TO_32_BIT_CONVERSION = YES;
				GCC_WARN_ABOUT_RETURN_TYPE = YES_ERROR;
				GCC_WARN_UNDECLARED_SELECTOR = YES;
				GCC_WARN_UNINITIALIZED_AUTOS = YES_AGGRESSIVE;
				GCC_WARN_UNUSED_FUNCTION = YES;
				GCC_WARN_UNUSED_VARIABLE = YES;
				IPHONEOS_DEPLOYMENT_TARGET = 15.5;
				MTL_ENABLE_DEBUG_INFO = NO;
				MTL_FAST_MATH = YES;
				SDKROOT = iphoneos;
				SWIFT_COMPILATION_MODE = wholemodule;
				SWIFT_OPTIMIZATION_LEVEL = "-O";
				VALIDATE_PRODUCT = YES;
			};
			name = Release;
		};
		5AE6F25C2B044467001C815F /* Debug */ = {
			isa = XCBuildConfiguration;
			buildSettings = {
				ASSETCATALOG_COMPILER_APPICON_NAME = AppIcon;
				ASSETCATALOG_COMPILER_GLOBAL_ACCENT_COLOR_NAME = AccentColor;
				CODE_SIGN_STYLE = Automatic;
				CURRENT_PROJECT_VERSION = 1;
				DEVELOPMENT_TEAM = QJRK3DJBSH;
				GENERATE_INFOPLIST_FILE = YES;
				INFOPLIST_FILE = WA8_13/Info.plist;
				INFOPLIST_KEY_UIApplicationSupportsIndirectInputEvents = YES;
				INFOPLIST_KEY_UILaunchStoryboardName = LaunchScreen;
				INFOPLIST_KEY_UIMainStoryboardFile = Main;
				INFOPLIST_KEY_UISupportedInterfaceOrientations_iPad = "UIInterfaceOrientationPortrait UIInterfaceOrientationPortraitUpsideDown UIInterfaceOrientationLandscapeLeft UIInterfaceOrientationLandscapeRight";
				INFOPLIST_KEY_UISupportedInterfaceOrientations_iPhone = "UIInterfaceOrientationPortrait UIInterfaceOrientationLandscapeLeft UIInterfaceOrientationLandscapeRight";
				LD_RUNPATH_SEARCH_PATHS = (
					"$(inherited)",
					"@executable_path/Frameworks",
				);
				MARKETING_VERSION = 1.0;
				PRODUCT_BUNDLE_IDENTIFIER = "com.nuios.WA8-13";
				PRODUCT_NAME = "$(TARGET_NAME)";
				SWIFT_EMIT_LOC_STRINGS = YES;
				SWIFT_VERSION = 5.0;
				TARGETED_DEVICE_FAMILY = "1,2";
			};
			name = Debug;
		};
		5AE6F25D2B044467001C815F /* Release */ = {
			isa = XCBuildConfiguration;
			buildSettings = {
				ASSETCATALOG_COMPILER_APPICON_NAME = AppIcon;
				ASSETCATALOG_COMPILER_GLOBAL_ACCENT_COLOR_NAME = AccentColor;
				CODE_SIGN_STYLE = Automatic;
				CURRENT_PROJECT_VERSION = 1;
				DEVELOPMENT_TEAM = QJRK3DJBSH;
				GENERATE_INFOPLIST_FILE = YES;
				INFOPLIST_FILE = WA8_13/Info.plist;
				INFOPLIST_KEY_UIApplicationSupportsIndirectInputEvents = YES;
				INFOPLIST_KEY_UILaunchStoryboardName = LaunchScreen;
				INFOPLIST_KEY_UIMainStoryboardFile = Main;
				INFOPLIST_KEY_UISupportedInterfaceOrientations_iPad = "UIInterfaceOrientationPortrait UIInterfaceOrientationPortraitUpsideDown UIInterfaceOrientationLandscapeLeft UIInterfaceOrientationLandscapeRight";
				INFOPLIST_KEY_UISupportedInterfaceOrientations_iPhone = "UIInterfaceOrientationPortrait UIInterfaceOrientationLandscapeLeft UIInterfaceOrientationLandscapeRight";
				LD_RUNPATH_SEARCH_PATHS = (
					"$(inherited)",
					"@executable_path/Frameworks",
				);
				MARKETING_VERSION = 1.0;
				PRODUCT_BUNDLE_IDENTIFIER = "com.nuios.WA8-13";
				PRODUCT_NAME = "$(TARGET_NAME)";
				SWIFT_EMIT_LOC_STRINGS = YES;
				SWIFT_VERSION = 5.0;
				TARGETED_DEVICE_FAMILY = "1,2";
			};
			name = Release;
		};
		5AE6F25F2B044467001C815F /* Debug */ = {
			isa = XCBuildConfiguration;
			buildSettings = {
				ALWAYS_EMBED_SWIFT_STANDARD_LIBRARIES = YES;
				BUNDLE_LOADER = "$(TEST_HOST)";
				CODE_SIGN_STYLE = Automatic;
				CURRENT_PROJECT_VERSION = 1;
				DEVELOPMENT_TEAM = QJRK3DJBSH;
				GENERATE_INFOPLIST_FILE = YES;
				IPHONEOS_DEPLOYMENT_TARGET = 15.5;
				MARKETING_VERSION = 1.0;
				PRODUCT_BUNDLE_IDENTIFIER = "com.nuios.WA8-13Tests";
				PRODUCT_NAME = "$(TARGET_NAME)";
				SWIFT_EMIT_LOC_STRINGS = NO;
				SWIFT_VERSION = 5.0;
				TARGETED_DEVICE_FAMILY = "1,2";
				TEST_HOST = "$(BUILT_PRODUCTS_DIR)/WA8_13.app/WA8_13";
			};
			name = Debug;
		};
		5AE6F2602B044467001C815F /* Release */ = {
			isa = XCBuildConfiguration;
			buildSettings = {
				ALWAYS_EMBED_SWIFT_STANDARD_LIBRARIES = YES;
				BUNDLE_LOADER = "$(TEST_HOST)";
				CODE_SIGN_STYLE = Automatic;
				CURRENT_PROJECT_VERSION = 1;
				DEVELOPMENT_TEAM = QJRK3DJBSH;
				GENERATE_INFOPLIST_FILE = YES;
				IPHONEOS_DEPLOYMENT_TARGET = 15.5;
				MARKETING_VERSION = 1.0;
				PRODUCT_BUNDLE_IDENTIFIER = "com.nuios.WA8-13Tests";
				PRODUCT_NAME = "$(TARGET_NAME)";
				SWIFT_EMIT_LOC_STRINGS = NO;
				SWIFT_VERSION = 5.0;
				TARGETED_DEVICE_FAMILY = "1,2";
				TEST_HOST = "$(BUILT_PRODUCTS_DIR)/WA8_13.app/WA8_13";
			};
			name = Release;
		};
		5AE6F2622B044467001C815F /* Debug */ = {
			isa = XCBuildConfiguration;
			buildSettings = {
				ALWAYS_EMBED_SWIFT_STANDARD_LIBRARIES = YES;
				CODE_SIGN_STYLE = Automatic;
				CURRENT_PROJECT_VERSION = 1;
				DEVELOPMENT_TEAM = QJRK3DJBSH;
				GENERATE_INFOPLIST_FILE = YES;
				MARKETING_VERSION = 1.0;
				PRODUCT_BUNDLE_IDENTIFIER = "com.nuios.WA8-13UITests";
				PRODUCT_NAME = "$(TARGET_NAME)";
				SWIFT_EMIT_LOC_STRINGS = NO;
				SWIFT_VERSION = 5.0;
				TARGETED_DEVICE_FAMILY = "1,2";
				TEST_TARGET_NAME = WA8_13;
			};
			name = Debug;
		};
		5AE6F2632B044467001C815F /* Release */ = {
			isa = XCBuildConfiguration;
			buildSettings = {
				ALWAYS_EMBED_SWIFT_STANDARD_LIBRARIES = YES;
				CODE_SIGN_STYLE = Automatic;
				CURRENT_PROJECT_VERSION = 1;
				DEVELOPMENT_TEAM = QJRK3DJBSH;
				GENERATE_INFOPLIST_FILE = YES;
				MARKETING_VERSION = 1.0;
				PRODUCT_BUNDLE_IDENTIFIER = "com.nuios.WA8-13UITests";
				PRODUCT_NAME = "$(TARGET_NAME)";
				SWIFT_EMIT_LOC_STRINGS = NO;
				SWIFT_VERSION = 5.0;
				TARGETED_DEVICE_FAMILY = "1,2";
				TEST_TARGET_NAME = WA8_13;
			};
			name = Release;
		};
/* End XCBuildConfiguration section */

/* Begin XCConfigurationList section */
		5AE6F22C2B044463001C815F /* Build configuration list for PBXProject "WA8_13" */ = {
			isa = XCConfigurationList;
			buildConfigurations = (
				5AE6F2592B044467001C815F /* Debug */,
				5AE6F25A2B044467001C815F /* Release */,
			);
			defaultConfigurationIsVisible = 0;
			defaultConfigurationName = Release;
		};
		5AE6F25B2B044467001C815F /* Build configuration list for PBXNativeTarget "WA8_13" */ = {
			isa = XCConfigurationList;
			buildConfigurations = (
				5AE6F25C2B044467001C815F /* Debug */,
				5AE6F25D2B044467001C815F /* Release */,
			);
			defaultConfigurationIsVisible = 0;
			defaultConfigurationName = Release;
		};
		5AE6F25E2B044467001C815F /* Build configuration list for PBXNativeTarget "WA8_13Tests" */ = {
			isa = XCConfigurationList;
			buildConfigurations = (
				5AE6F25F2B044467001C815F /* Debug */,
				5AE6F2602B044467001C815F /* Release */,
			);
			defaultConfigurationIsVisible = 0;
			defaultConfigurationName = Release;
		};
		5AE6F2612B044467001C815F /* Build configuration list for PBXNativeTarget "WA8_13UITests" */ = {
			isa = XCConfigurationList;
			buildConfigurations = (
				5AE6F2622B044467001C815F /* Debug */,
				5AE6F2632B044467001C815F /* Release */,
			);
			defaultConfigurationIsVisible = 0;
			defaultConfigurationName = Release;
		};
/* End XCConfigurationList section */
	};
	rootObject = 5AE6F2292B044463001C815F /* Project object */;
}
